
Microsoft Visual Studio Solution File, Format Version 12.00
# Visual Studio Version 17
VisualStudioVersion = 17.14.37216.2 d17.14
MinimumVisualStudioVersion = 10.0.40219.1
Project("{FAE04EC0-301F-11D3-BF4B-00C04F79EFBC}") = "Sportolo", "Sportolo\Sportolo.csproj", "{5E404509-A2EB-46DE-A179-ABFECFAC31BE}"
EndProject
Global
	GlobalSection(SolutionConfigurationPlatforms) = preSolution
		Debug|Any CPU = Debug|Any CPU
		Release|Any CPU = Release|Any CPU
	EndGlobalSection
	GlobalSection(ProjectConfigurationPlatforms) = postSolution
		{5E404509-A2EB-46DE-A179-ABFECFAC31BE}.Debug|Any CPU.ActiveCfg = Debug|Any CPU
		{5E404509-A2EB-46DE-A179-ABFECFAC31BE}.Debug|Any CPU.Build.0 = Debug|Any CPU
		{5E404509-A2EB-46DE-A179-ABFECFAC31BE}.Release|Any CPU.ActiveCfg = Release|Any CPU
		{5E404509-A2EB-46DE-A179-ABFECFAC31BE}.Release|Any CPU.Build.0 = Release|Any CPU
	EndGlobalSection
	GlobalSection(SolutionProperties) = preSolution
		HideSolutionNode = FALSE
	EndGlobalSection
	GlobalSection(ExtensibilityGlobals) = postSolution
		SolutionGuid = {50A24F9B-2AEC-4A5A-AD27-2362FB0E1F4F}
	EndGlobalSection
EndGlobal
